
Microsoft Visual Studio Solution File, Format Version 12.00
# Visual Studio Version 16
VisualStudioVersion = 16.0.31205.134
MinimumVisualStudioVersion = 10.0.40219.1
Project("{FAE04EC0-301F-11D3-BF4B-00C04F79EFBC}") = "UniversityHierarchicalDB", "UniversityHierarchicalDB\UniversityHierarchicalDB.csproj", "{DE5285AB-9C69-4B62-A7BE-0F01595EDC90}"
EndProject
Project("{FAE04EC0-301F-11D3-BF4B-00C04F79EFBC}") = "EfUniversityHierarchical", "EfUniversityHierarchical\EfUniversityHierarchical.csproj", "{2DA60542-0F30-4954-8600-952D012AD448}"
EndProject
Project("{FAE04EC0-301F-11D3-BF4B-00C04F79EFBC}") = "Shared", "Shared\Shared.csproj", "{6E0767FD-E748-470B-A9E4-8096ED24D2E1}"
EndProject
Global
	GlobalSection(SolutionConfigurationPlatforms) = preSolution
		Debug|Any CPU = Debug|Any CPU
		Release|Any CPU = Release|Any CPU
	EndGlobalSection
	GlobalSection(ProjectConfigurationPlatforms) = postSolution
		{DE5285AB-9C69-4B62-A7BE-0F01595EDC90}.Debug|Any CPU.ActiveCfg = Debug|Any CPU
		{DE5285AB-9C69-4B62-A7BE-0F01595EDC90}.Debug|Any CPU.Build.0 = Debug|Any CPU
		{DE5285AB-9C69-4B62-A7BE-0F01595EDC90}.Release|Any CPU.ActiveCfg = Release|Any CPU
		{DE5285AB-9C69-4B62-A7BE-0F01595EDC90}.Release|Any CPU.Build.0 = Release|Any CPU
		{2DA60542-0F30-4954-8600-952D012AD448}.Debug|Any CPU.ActiveCfg = Debug|Any CPU
		{2DA60542-0F30-4954-8600-952D012AD448}.Debug|Any CPU.Build.0 = Debug|Any CPU
		{2DA60542-0F30-4954-8600-952D012AD448}.Release|Any CPU.ActiveCfg = Release|Any CPU
		{2DA60542-0F30-4954-8600-952D012AD448}.Release|Any CPU.Build.0 = Release|Any CPU
		{6E0767FD-E748-470B-A9E4-8096ED24D2E1}.Debug|Any CPU.ActiveCfg = Debug|Any CPU
		{6E0767FD-E748-470B-A9E4-8096ED24D2E1}.Debug|Any CPU.Build.0 = Debug|Any CPU
		{6E0767FD-E748-470B-A9E4-8096ED24D2E1}.Release|Any CPU.ActiveCfg = Release|Any CPU
		{6E0767FD-E748-470B-A9E4-8096ED24D2E1}.Release|Any CPU.Build.0 = Release|Any CPU
	EndGlobalSection
	GlobalSection(SolutionProperties) = preSolution
		HideSolutionNode = FALSE
	EndGlobalSection
	GlobalSection(ExtensibilityGlobals) = postSolution
		SolutionGuid = {4DD09709-FE55-42FD-A12B-04D64BA34403}
	EndGlobalSection
EndGlobal
